
Microsoft Visual Studio Solution File, Format Version 12.00
# Visual Studio Version 16
VisualStudioVersion = 16.0.30413.136
MinimumVisualStudioVersion = 10.0.40219.1
Project("{2150E333-8FDC-42A3-9474-1A3956D46DE8}") = "Solution Items", "Solution Items", "{D29B3BA9-3077-4B87-A638-C4F653FBA6D1}"
	ProjectSection(SolutionItems) = preProject
		Archivos\background.js = Archivos\background.js
		Archivos\manifest.json = Archivos\manifest.json
		Archivos\options.html = Archivos\options.html
		Archivos\options.js = Archivos\options.js
		Archivos\popup.html = Archivos\popup.html
		Archivos\popup.js = Archivos\popup.js
		Archivos\unclutterer.js = Archivos\unclutterer.js
	EndProjectSection
EndProject
Project("{2150E333-8FDC-42A3-9474-1A3956D46DE8}") = "images", "images", "{9A717C06-D708-40C7-827E-70B600F42951}"
	ProjectSection(SolutionItems) = preProject
		Archivos\images\unclutterer-twitter-128.png = Archivos\images\unclutterer-twitter-128.png
		Archivos\images\unclutterer-twitter-16.png = Archivos\images\unclutterer-twitter-16.png
		Archivos\images\unclutterer-twitter-32.png = Archivos\images\unclutterer-twitter-32.png
		Archivos\images\unclutterer-twitter-48.png = Archivos\images\unclutterer-twitter-48.png
	EndProjectSection
EndProject
Global
	GlobalSection(SolutionProperties) = preSolution
		HideSolutionNode = FALSE
	EndGlobalSection
	GlobalSection(NestedProjects) = preSolution
		{9A717C06-D708-40C7-827E-70B600F42951} = {D29B3BA9-3077-4B87-A638-C4F653FBA6D1}
	EndGlobalSection
	GlobalSection(ExtensibilityGlobals) = postSolution
		SolutionGuid = {DE681132-B1A2-48AA-A4EE-A57E4F65FF32}
	EndGlobalSection
EndGlobal
